
Microsoft Visual Studio Solution File, Format Version 12.00
Project("{FAE04EC0-301F-11D3-BF4B-00C04F79EFBC}") = "Exam", "Exam\Exam.csproj", "{0D7F3478-2C5A-47D1-BB0A-29E4745EF835}"
EndProject
Global
	GlobalSection(SolutionConfigurationPlatforms) = preSolution
		Debug|Any CPU = Debug|Any CPU
		Release|Any CPU = Release|Any CPU
	EndGlobalSection
	GlobalSection(ProjectConfigurationPlatforms) = postSolution
		{0D7F3478-2C5A-47D1-BB0A-29E4745EF835}.Debug|Any CPU.ActiveCfg = Debug|Any CPU
		{0D7F3478-2C5A-47D1-BB0A-29E4745EF835}.Debug|Any CPU.Build.0 = Debug|Any CPU
		{0D7F3478-2C5A-47D1-BB0A-29E4745EF835}.Release|Any CPU.ActiveCfg = Release|Any CPU
		{0D7F3478-2C5A-47D1-BB0A-29E4745EF835}.Release|Any CPU.Build.0 = Release|Any CPU
	EndGlobalSection
EndGlobal
